
Microsoft Visual Studio Solution File, Format Version 12.00
# Visual Studio 2017
Project("{FAE04EC0-301F-11D3-BF4B-00C04F79EFBC}") = "Looper-H", "Looper-H.csproj", "{71356DF1-61ED-E132-84BC-E2B02412C842}"
EndProject
Project("{FAE04EC0-301F-11D3-BF4B-00C04F79EFBC}") = "Looper-H.Plugins", "Looper-H.Plugins.csproj", "{4B4058F8-9ACE-FE27-14C0-6DD43B5C2515}"
EndProject
Global
	GlobalSection(SolutionConfigurationPlatforms) = preSolution
		Debug|Any CPU = Debug|Any CPU
		Release|Any CPU = Release|Any CPU
	EndGlobalSection
	GlobalSection(ProjectConfigurationPlatforms) = postSolution
		{71356DF1-61ED-E132-84BC-E2B02412C842}.Debug|Any CPU.ActiveCfg = Debug|Any CPU
		{71356DF1-61ED-E132-84BC-E2B02412C842}.Debug|Any CPU.Build.0 = Debug|Any CPU
		{71356DF1-61ED-E132-84BC-E2B02412C842}.Release|Any CPU.ActiveCfg = Release|Any CPU
		{71356DF1-61ED-E132-84BC-E2B02412C842}.Release|Any CPU.Build.0 = Release|Any CPU
		{4B4058F8-9ACE-FE27-14C0-6DD43B5C2515}.Debug|Any CPU.ActiveCfg = Debug|Any CPU
		{4B4058F8-9ACE-FE27-14C0-6DD43B5C2515}.Debug|Any CPU.Build.0 = Debug|Any CPU
		{4B4058F8-9ACE-FE27-14C0-6DD43B5C2515}.Release|Any CPU.ActiveCfg = Release|Any CPU
		{4B4058F8-9ACE-FE27-14C0-6DD43B5C2515}.Release|Any CPU.Build.0 = Release|Any CPU
	EndGlobalSection
	GlobalSection(SolutionProperties) = preSolution
		HideSolutionNode = FALSE
	EndGlobalSection
EndGlobal
